
Microsoft Visual Studio Solution File, Format Version 12.00
# Visual Studio Version 17
VisualStudioVersion = 17.3.32901.215
MinimumVisualStudioVersion = 10.0.40219.1
Project("{FAE04EC0-301F-11D3-BF4B-00C04F79EFBC}") = "Classes-abstratas-construtor", "Classes-abstratas-construtor\Classes-abstratas-construtor.csproj", "{21D09C87-4C70-44D2-9D8D-0EC35902BA2A}"
EndProject
Global
	GlobalSection(SolutionConfigurationPlatforms) = preSolution
		Debug|Any CPU = Debug|Any CPU
		Release|Any CPU = Release|Any CPU
	EndGlobalSection
	GlobalSection(ProjectConfigurationPlatforms) = postSolution
		{21D09C87-4C70-44D2-9D8D-0EC35902BA2A}.Debug|Any CPU.ActiveCfg = Debug|Any CPU
		{21D09C87-4C70-44D2-9D8D-0EC35902BA2A}.Debug|Any CPU.Build.0 = Debug|Any CPU
		{21D09C87-4C70-44D2-9D8D-0EC35902BA2A}.Release|Any CPU.ActiveCfg = Release|Any CPU
		{21D09C87-4C70-44D2-9D8D-0EC35902BA2A}.Release|Any CPU.Build.0 = Release|Any CPU
	EndGlobalSection
	GlobalSection(SolutionProperties) = preSolution
		HideSolutionNode = FALSE
	EndGlobalSection
	GlobalSection(ExtensibilityGlobals) = postSolution
		SolutionGuid = {1796D0BD-296C-43DD-862F-108C3C4E9B46}
	EndGlobalSection
EndGlobal
